
Microsoft Visual Studio Solution File, Format Version 12.00
# Visual Studio 15
VisualStudioVersion = 15.0.27428.2005
MinimumVisualStudioVersion = 10.0.40219.1
Project("{8BC9CEB8-8B4A-11D0-8D11-00A0C91BC942}") = "transpose", "transpose\transpose.vcxproj", "{A8A7181E-1A42-4449-B5C1-23539339E72F}"
EndProject
Global
	GlobalSection(SolutionConfigurationPlatforms) = preSolution
		Debug|x64 = Debug|x64
		Debug|x86 = Debug|x86
		Release|x64 = Release|x64
		Release|x86 = Release|x86
	EndGlobalSection
	GlobalSection(ProjectConfigurationPlatforms) = postSolution
		{A8A7181E-1A42-4449-B5C1-23539339E72F}.Debug|x64.ActiveCfg = Debug|x64
		{A8A7181E-1A42-4449-B5C1-23539339E72F}.Debug|x64.Build.0 = Debug|x64
		{A8A7181E-1A42-4449-B5C1-23539339E72F}.Debug|x86.ActiveCfg = Debug|Win32
		{A8A7181E-1A42-4449-B5C1-23539339E72F}.Debug|x86.Build.0 = Debug|Win32
		{A8A7181E-1A42-4449-B5C1-23539339E72F}.Release|x64.ActiveCfg = Release|x64
		{A8A7181E-1A42-4449-B5C1-23539339E72F}.Release|x64.Build.0 = Release|x64
		{A8A7181E-1A42-4449-B5C1-23539339E72F}.Release|x86.ActiveCfg = Release|Win32
		{A8A7181E-1A42-4449-B5C1-23539339E72F}.Release|x86.Build.0 = Release|Win32
	EndGlobalSection
	GlobalSection(SolutionProperties) = preSolution
		HideSolutionNode = FALSE
	EndGlobalSection
	GlobalSection(ExtensibilityGlobals) = postSolution
		SolutionGuid = {9C2652A5-E05A-4356-A1B4-B0D5FDFCA082}
	EndGlobalSection
EndGlobal
